{
  "name": "node-build",
  "version": "0.1.0",
  "lockfileVersion": 3,
  "requires": true,
  "packages": {
    "": {
      "name": "node-build",
      "version": "0.1.0",
      "funding": [
        {
          "type": "github",
          "url": "https://github.com/sponsors/localnerve"
        },
        {
          "type": "paypal",
          "url": "https://www.paypal.com/ncp/payment/DHCB5GUYMGX5U"
        }
      ],
      "license": "MIT",
      "engines": {
        "node": ">=24.0.0"
      }
    }
  }
}
